
Microsoft Visual Studio Solution File, Format Version 12.00
# Visual Studio 14
VisualStudioVersion = 14.0.24720.0
MinimumVisualStudioVersion = 10.0.40219.1
Project("{FAE04EC0-301F-11D3-BF4B-00C04F79EFBC}") = "1.SeriesOfLetters", "1.SeriesOfLetters\1.SeriesOfLetters.csproj", "{E3570696-712F-48BD-A1A9-E55C2B39B4FE}"
EndProject
Project("{FAE04EC0-301F-11D3-BF4B-00C04F79EFBC}") = "2.ReplaceAtag", "2.ReplaceAtag\2.ReplaceAtag.csproj", "{14493E72-1977-4C18-9A93-6B88B95BCA65}"
EndProject
Project("{FAE04EC0-301F-11D3-BF4B-00C04F79EFBC}") = "3.ExtractEmails", "3.ExtractEmails\3.ExtractEmails.csproj", "{C76CD7BD-72A4-46ED-BCB3-205882A12F1B}"
EndProject
Project("{FAE04EC0-301F-11D3-BF4B-00C04F79EFBC}") = "4.SentenceExtractor", "4.SentenceExtractor\4.SentenceExtractor.csproj", "{FDFFE2A7-C100-4058-9A9A-3E818DF98AC1}"
EndProject
Project("{FAE04EC0-301F-11D3-BF4B-00C04F79EFBC}") = "5.ValidUserName", "5.ValidUserName\5.ValidUserName.csproj", "{35A47ADB-D2D6-4069-B331-27B6788E6557}"
EndProject
Global
	GlobalSection(SolutionConfigurationPlatforms) = preSolution
		Debug|Any CPU = Debug|Any CPU
		Release|Any CPU = Release|Any CPU
	EndGlobalSection
	GlobalSection(ProjectConfigurationPlatforms) = postSolution
		{E3570696-712F-48BD-A1A9-E55C2B39B4FE}.Debug|Any CPU.ActiveCfg = Debug|Any CPU
		{E3570696-712F-48BD-A1A9-E55C2B39B4FE}.Debug|Any CPU.Build.0 = Debug|Any CPU
		{E3570696-712F-48BD-A1A9-E55C2B39B4FE}.Release|Any CPU.ActiveCfg = Release|Any CPU
		{E3570696-712F-48BD-A1A9-E55C2B39B4FE}.Release|Any CPU.Build.0 = Release|Any CPU
		{14493E72-1977-4C18-9A93-6B88B95BCA65}.Debug|Any CPU.ActiveCfg = Debug|Any CPU
		{14493E72-1977-4C18-9A93-6B88B95BCA65}.Debug|Any CPU.Build.0 = Debug|Any CPU
		{14493E72-1977-4C18-9A93-6B88B95BCA65}.Release|Any CPU.ActiveCfg = Release|Any CPU
		{14493E72-1977-4C18-9A93-6B88B95BCA65}.Release|Any CPU.Build.0 = Release|Any CPU
		{C76CD7BD-72A4-46ED-BCB3-205882A12F1B}.Debug|Any CPU.ActiveCfg = Debug|Any CPU
		{C76CD7BD-72A4-46ED-BCB3-205882A12F1B}.Debug|Any CPU.Build.0 = Debug|Any CPU
		{C76CD7BD-72A4-46ED-BCB3-205882A12F1B}.Release|Any CPU.ActiveCfg = Release|Any CPU
		{C76CD7BD-72A4-46ED-BCB3-205882A12F1B}.Release|Any CPU.Build.0 = Release|Any CPU
		{FDFFE2A7-C100-4058-9A9A-3E818DF98AC1}.Debug|Any CPU.ActiveCfg = Debug|Any CPU
		{FDFFE2A7-C100-4058-9A9A-3E818DF98AC1}.Debug|Any CPU.Build.0 = Debug|Any CPU
		{FDFFE2A7-C100-4058-9A9A-3E818DF98AC1}.Release|Any CPU.ActiveCfg = Release|Any CPU
		{FDFFE2A7-C100-4058-9A9A-3E818DF98AC1}.Release|Any CPU.Build.0 = Release|Any CPU
		{35A47ADB-D2D6-4069-B331-27B6788E6557}.Debug|Any CPU.ActiveCfg = Debug|Any CPU
		{35A47ADB-D2D6-4069-B331-27B6788E6557}.Debug|Any CPU.Build.0 = Debug|Any CPU
		{35A47ADB-D2D6-4069-B331-27B6788E6557}.Release|Any CPU.ActiveCfg = Release|Any CPU
		{35A47ADB-D2D6-4069-B331-27B6788E6557}.Release|Any CPU.Build.0 = Release|Any CPU
	EndGlobalSection
	GlobalSection(SolutionProperties) = preSolution
		HideSolutionNode = FALSE
	EndGlobalSection
EndGlobal
